// !$*UTF8*$!
{
	archiveVersion = 1;
	classes = {
	};
	objectVersion = 46;
	objects = {

/* Begin PBXBuildFile section */
		3F109B8B1A9D3C8600CC2524 /* dealer.swift in Sources */ = {isa = PBXBuildFile; fileRef = 3F109B8A1A9D3C8600CC2524 /* dealer.swift */; };
		3F109B8D1A9D3C9900CC2524 /* player.swift in Sources */ = {isa = PBXBuildFile; fileRef = 3F109B8C1A9D3C9900CC2524 /* player.swift */; };
		3F109B8F1A9D3CA800CC2524 /* deck.swift in Sources */ = {isa = PBXBuildFile; fileRef = 3F109B8E1A9D3CA800CC2524 /* deck.swift */; };
		3F109B911A9D3CB400CC2524 /* shoe.swift in Sources */ = {isa = PBXBuildFile; fileRef = 3F109B901A9D3CB400CC2524 /* shoe.swift */; };
		3F1A7FB21A8FD8070034E1C1 /* AppDelegate.swift in Sources */ = {isa = PBXBuildFile; fileRef = 3F1A7FB11A8FD8070034E1C1 /* AppDelegate.swift */; };
		3F1A7FB41A8FD8070034E1C1 /* ViewController.swift in Sources */ = {isa = PBXBuildFile; fileRef = 3F1A7FB31A8FD8070034E1C1 /* ViewController.swift */; };
		3F1A7FB71A8FD8070034E1C1 /* Main.storyboard in Resources */ = {isa = PBXBuildFile; fileRef = 3F1A7FB51A8FD8070034E1C1 /* Main.storyboard */; };
		3F1A7FB91A8FD8070034E1C1 /* Images.xcassets in Resources */ = {isa = PBXBuildFile; fileRef = 3F1A7FB81A8FD8070034E1C1 /* Images.xcassets */; };
		3F1A7FBC1A8FD8070034E1C1 /* LaunchScreen.xib in Resources */ = {isa = PBXBuildFile; fileRef = 3F1A7FBA1A8FD8070034E1C1 /* LaunchScreen.xib */; };
		3F1A7FC81A8FD8070034E1C1 /* BlackJackTests.swift in Sources */ = {isa = PBXBuildFile; fileRef = 3F1A7FC71A8FD8070034E1C1 /* BlackJackTests.swift */; };
		3F1A7FD21A8FDCFB0034E1C1 /* card.swift in Sources */ = {isa = PBXBuildFile; fileRef = 3F1A7FD11A8FDCFB0034E1C1 /* card.swift */; };
		44621C931A906D2000FB31D3 /* game.swift in Sources */ = {isa = PBXBuildFile; fileRef = 44621C921A906D2000FB31D3 /* game.swift */; };
		E01F58A91AA270000022E987 /* ViewController3.swift in Sources */ = {isa = PBXBuildFile; fileRef = E01F58A81AA270000022E987 /* ViewController3.swift */; };
		E096AC461AA0203600443F72 /* hand.swift in Sources */ = {isa = PBXBuildFile; fileRef = E096AC451AA0203600443F72 /* hand.swift */; };
		E098B4621AA226F60068C359 /* ViewController2.swift in Sources */ = {isa = PBXBuildFile; fileRef = E098B4611AA226F60068C359 /* ViewController2.swift */; };
/* End PBXBuildFile section */

/* Begin PBXContainerItemProxy section */
		3F1A7FC21A8FD8070034E1C1 /* PBXContainerItemProxy */ = {
			isa = PBXContainerItemProxy;
			containerPortal = 3F1A7FA41A8FD8070034E1C1 /* Project object */;
			proxyType = 1;
			remoteGlobalIDString = 3F1A7FAB1A8FD8070034E1C1;
			remoteInfo = BlackJack;
		};
/* End PBXContainerItemProxy section */

/* Begin PBXFileReference section */
		3F109B8A1A9D3C8600CC2524 /* dealer.swift */ = {isa = PBXFileReference; fileEncoding = 4; lastKnownFileType = sourcecode.swift; path = dealer.swift; sourceTree = "<group>"; };
		3F109B8C1A9D3C9900CC2524 /* player.swift */ = {isa = PBXFileReference; fileEncoding = 4; lastKnownFileType = sourcecode.swift; path = player.swift; sourceTree = "<group>"; };
		3F109B8E1A9D3CA800CC2524 /* deck.swift */ = {isa = PBXFileReference; fileEncoding = 4; lastKnownFileType = sourcecode.swift; path = deck.swift; sourceTree = "<group>"; };
		3F109B901A9D3CB400CC2524 /* shoe.swift */ = {isa = PBXFileReference; fileEncoding = 4; lastKnownFileType = sourcecode.swift; path = shoe.swift; sourceTree = "<group>"; };
		3F1A7FAC1A8FD8070034E1C1 /* BlackJack.app */ = {isa = PBXFileReference; explicitFileType = wrapper.application; includeInIndex = 0; path = BlackJack.app; sourceTree = BUILT_PRODUCTS_DIR; };
		3F1A7FB01A8FD8070034E1C1 /* Info.plist */ = {isa = PBXFileReference; lastKnownFileType = text.plist.xml; path = Info.plist; sourceTree = "<group>"; };
		3F1A7FB11A8FD8070034E1C1 /* AppDelegate.swift */ = {isa = PBXFileReference; lastKnownFileType = sourcecode.swift; path = AppDelegate.swift; sourceTree = "<group>"; };
		3F1A7FB31A8FD8070034E1C1 /* ViewController.swift */ = {isa = PBXFileReference; lastKnownFileType = sourcecode.swift; path = ViewController.swift; sourceTree = "<group>"; };
		3F1A7FB61A8FD8070034E1C1 /* Base */ = {isa = PBXFileReference; lastKnownFileType = file.storyboard; name = Base; path = Base.lproj/Main.storyboard; sourceTree = "<group>"; };
		3F1A7FB81A8FD8070034E1C1 /* Images.xcassets */ = {isa = PBXFileReference; lastKnownFileType = folder.assetcatalog; path = Images.xcassets; sourceTree = "<group>"; };
		3F1A7FBB1A8FD8070034E1C1 /* Base */ = {isa = PBXFileReference; lastKnownFileType = file.xib; name = Base; path = Base.lproj/LaunchScreen.xib; sourceTree = "<group>"; };
		3F1A7FC11A8FD8070034E1C1 /* BlackJackTests.xctest */ = {isa = PBXFileReference; explicitFileType = wrapper.cfbundle; includeInIndex = 0; path = BlackJackTests.xctest; sourceTree = BUILT_PRODUCTS_DIR; };
		3F1A7FC61A8FD8070034E1C1 /* Info.plist */ = {isa = PBXFileReference; lastKnownFileType = text.plist.xml; path = Info.plist; sourceTree = "<group>"; };
		3F1A7FC71A8FD8070034E1C1 /* BlackJackTests.swift */ = {isa = PBXFileReference; lastKnownFileType = sourcecode.swift; path = BlackJackTests.swift; sourceTree = "<group>"; };
		3F1A7FD11A8FDCFB0034E1C1 /* card.swift */ = {isa = PBXFileReference; fileEncoding = 4; lastKnownFileType = sourcecode.swift; path = card.swift; sourceTree = "<group>"; };
		44621C921A906D2000FB31D3 /* game.swift */ = {isa = PBXFileReference; fileEncoding = 4; lastKnownFileType = sourcecode.swift; path = game.swift; sourceTree = "<group>"; };
		E01F58A81AA270000022E987 /* ViewController3.swift */ = {isa = PBXFileReference; fileEncoding = 4; lastKnownFileType = sourcecode.swift; path = ViewController3.swift; sourceTree = "<group>"; };
		E096AC451AA0203600443F72 /* hand.swift */ = {isa = PBXFileReference; fileEncoding = 4; lastKnownFileType = sourcecode.swift; path = hand.swift; sourceTree = "<group>"; };
		E098B4611AA226F60068C359 /* ViewController2.swift */ = {isa = PBXFileReference; fileEncoding = 4; lastKnownFileType = sourcecode.swift; path = ViewController2.swift; sourceTree = "<group>"; };
/* End PBXFileReference section */

/* Begin PBXFrameworksBuildPhase section */
		3F1A7FA91A8FD8070034E1C1 /* Frameworks */ = {
			isa = PBXFrameworksBuildPhase;
			buildActionMask = 2147483647;
			files = (
			);
			runOnlyForDeploymentPostprocessing = 0;
		};
		3F1A7FBE1A8FD8070034E1C1 /* Frameworks */ = {
			isa = PBXFrameworksBuildPhase;
			buildActionMask = 2147483647;
			files = (
			);
			runOnlyForDeploymentPostprocessing = 0;
		};
/* End PBXFrameworksBuildPhase section */

/* Begin PBXGroup section */
		3F1A7FA31A8FD8070034E1C1 = {
			isa = PBXGroup;
			children = (
				3F1A7FAE1A8FD8070034E1C1 /* BlackJack */,
				3F1A7FC41A8FD8070034E1C1 /* BlackJackTests */,
				3F1A7FAD1A8FD8070034E1C1 /* Products */,
			);
			sourceTree = "<group>";
		};
		3F1A7FAD1A8FD8070034E1C1 /* Products */ = {
			isa = PBXGroup;
			children = (
				3F1A7FAC1A8FD8070034E1C1 /* BlackJack.app */,
				3F1A7FC11A8FD8070034E1C1 /* BlackJackTests.xctest */,
			);
			name = Products;
			sourceTree = "<group>";
		};
		3F1A7FAE1A8FD8070034E1C1 /* BlackJack */ = {
			isa = PBXGroup;
			children = (
				3F1A7FB11A8FD8070034E1C1 /* AppDelegate.swift */,
				3F1A7FB31A8FD8070034E1C1 /* ViewController.swift */,
				E098B4611AA226F60068C359 /* ViewController2.swift */,
				E01F58A81AA270000022E987 /* ViewController3.swift */,
				3F1A7FB51A8FD8070034E1C1 /* Main.storyboard */,
				3F1A7FBA1A8FD8070034E1C1 /* LaunchScreen.xib */,
				3F1A7FD11A8FDCFB0034E1C1 /* card.swift */,
				44621C921A906D2000FB31D3 /* game.swift */,
				3F109B8A1A9D3C8600CC2524 /* dealer.swift */,
				3F109B8C1A9D3C9900CC2524 /* player.swift */,
				E096AC451AA0203600443F72 /* hand.swift */,
				3F109B8E1A9D3CA800CC2524 /* deck.swift */,
				3F109B901A9D3CB400CC2524 /* shoe.swift */,
				3F1A7FB81A8FD8070034E1C1 /* Images.xcassets */,
				3F1A7FAF1A8FD8070034E1C1 /* Supporting Files */,
			);
			path = BlackJack;
			sourceTree = "<group>";
		};
		3F1A7FAF1A8FD8070034E1C1 /* Supporting Files */ = {
			isa = PBXGroup;
			children = (
				3F1A7FB01A8FD8070034E1C1 /* Info.plist */,
			);
			name = "Supporting Files";
			sourceTree = "<group>";
		};
		3F1A7FC41A8FD8070034E1C1 /* BlackJackTests */ = {
			isa = PBXGroup;
			children = (
				3F1A7FC71A8FD8070034E1C1 /* BlackJackTests.swift */,
				3F1A7FC51A8FD8070034E1C1 /* Supporting Files */,
			);
			path = BlackJackTests;
			sourceTree = "<group>";
		};
		3F1A7FC51A8FD8070034E1C1 /* Supporting Files */ = {
			isa = PBXGroup;
			children = (
				3F1A7FC61A8FD8070034E1C1 /* Info.plist */,
			);
			name = "Supporting Files";
			sourceTree = "<group>";
		};
/* End PBXGroup section */

/* Begin PBXNativeTarget section */
		3F1A7FAB1A8FD8070034E1C1 /* BlackJack */ = {
			isa = PBXNativeTarget;
			buildConfigurationList = 3F1A7FCB1A8FD8070034E1C1 /* Build configuration list for PBXNativeTarget "BlackJack" */;
			buildPhases = (
				3F1A7FA81A8FD8070034E1C1 /* Sources */,
				3F1A7FA91A8FD8070034E1C1 /* Frameworks */,
				3F1A7FAA1A8FD8070034E1C1 /* Resources */,
			);
			buildRules = (
			);
			dependencies = (
			);
			name = BlackJack;
			productName = BlackJack;
			productReference = 3F1A7FAC1A8FD8070034E1C1 /* BlackJack.app */;
			productType = "com.apple.product-type.application";
		};
		3F1A7FC01A8FD8070034E1C1 /* BlackJackTests */ = {
			isa = PBXNativeTarget;
			buildConfigurationList = 3F1A7FCE1A8FD8070034E1C1 /* Build configuration list for PBXNativeTarget "BlackJackTests" */;
			buildPhases = (
				3F1A7FBD1A8FD8070034E1C1 /* Sources */,
				3F1A7FBE1A8FD8070034E1C1 /* Frameworks */,
				3F1A7FBF1A8FD8070034E1C1 /* Resources */,
			);
			buildRules = (
			);
			dependencies = (
				3F1A7FC31A8FD8070034E1C1 /* PBXTargetDependency */,
			);
			name = BlackJackTests;
			productName = BlackJackTests;
			productReference = 3F1A7FC11A8FD8070034E1C1 /* BlackJackTests.xctest */;
			productType = "com.apple.product-type.bundle.unit-test";
		};
/* End PBXNativeTarget section */

/* Begin PBXProject section */
		3F1A7FA41A8FD8070034E1C1 /* Project object */ = {
			isa = PBXProject;
			attributes = {
				LastUpgradeCheck = 0610;
				ORGANIZATIONNAME = XiaoZhang;
				TargetAttributes = {
					3F1A7FAB1A8FD8070034E1C1 = {
						CreatedOnToolsVersion = 6.1.1;
					};
					3F1A7FC01A8FD8070034E1C1 = {
						CreatedOnToolsVersion = 6.1.1;
						TestTargetID = 3F1A7FAB1A8FD8070034E1C1;
					};
				};
			};
			buildConfigurationList = 3F1A7FA71A8FD8070034E1C1 /* Build configuration list for PBXProject "BlackJack" */;
			compatibilityVersion = "Xcode 3.2";
			developmentRegion = English;
			hasScannedForEncodings = 0;
			knownRegions = (
				en,
				Base,
			);
			mainGroup = 3F1A7FA31A8FD8070034E1C1;
			productRefGroup = 3F1A7FAD1A8FD8070034E1C1 /* Products */;
			projectDirPath = "";
			projectRoot = "";
			targets = (
				3F1A7FAB1A8FD8070034E1C1 /* BlackJack */,
				3F1A7FC01A8FD8070034E1C1 /* BlackJackTests */,
			);
		};
/* End PBXProject section */

/* Begin PBXResourcesBuildPhase section */
		3F1A7FAA1A8FD8070034E1C1 /* Resources */ = {
			isa = PBXResourcesBuildPhase;
			buildActionMask = 2147483647;
			files = (
				3F1A7FB71A8FD8070034E1C1 /* Main.storyboard in Resources */,
				3F1A7FBC1A8FD8070034E1C1 /* LaunchScreen.xib in Resources */,
				3F1A7FB91A8FD8070034E1C1 /* Images.xcassets in Resources */,
			);
			runOnlyForDeploymentPostprocessing = 0;
		};
		3F1A7FBF1A8FD8070034E1C1 /* Resources */ = {
			isa = PBXResourcesBuildPhase;
			buildActionMask = 2147483647;
			files = (
			);
			runOnlyForDeploymentPostprocessing = 0;
		};
/* End PBXResourcesBuildPhase section */

/* Begin PBXSourcesBuildPhase section */
		3F1A7FA81A8FD8070034E1C1 /* Sources */ = {
			isa = PBXSourcesBuildPhase;
			buildActionMask = 2147483647;
			files = (
				E01F58A91AA270000022E987 /* ViewController3.swift in Sources */,
				3F1A7FD21A8FDCFB0034E1C1 /* card.swift in Sources */,
				3F1A7FB41A8FD8070034E1C1 /* ViewController.swift in Sources */,
				3F1A7FB21A8FD8070034E1C1 /* AppDelegate.swift in Sources */,
				3F109B8F1A9D3CA800CC2524 /* deck.swift in Sources */,
				3F109B911A9D3CB400CC2524 /* shoe.swift in Sources */,
				E098B4621AA226F60068C359 /* ViewController2.swift in Sources */,
				44621C931A906D2000FB31D3 /* game.swift in Sources */,
				3F109B8D1A9D3C9900CC2524 /* player.swift in Sources */,
				E096AC461AA0203600443F72 /* hand.swift in Sources */,
				3F109B8B1A9D3C8600CC2524 /* dealer.swift in Sources */,
			);
			runOnlyForDeploymentPostprocessing = 0;
		};
		3F1A7FBD1A8FD8070034E1C1 /* Sources */ = {
			isa = PBXSourcesBuildPhase;
			buildActionMask = 2147483647;
			files = (
				3F1A7FC81A8FD8070034E1C1 /* BlackJackTests.swift in Sources */,
			);
			runOnlyForDeploymentPostprocessing = 0;
		};
/* End PBXSourcesBuildPhase section */

/* Begin PBXTargetDependency section */
		3F1A7FC31A8FD8070034E1C1 /* PBXTargetDependency */ = {
			isa = PBXTargetDependency;
			target = 3F1A7FAB1A8FD8070034E1C1 /* BlackJack */;
			targetProxy = 3F1A7FC21A8FD8070034E1C1 /* PBXContainerItemProxy */;
		};
/* End PBXTargetDependency section */

/* Begin PBXVariantGroup section */
		3F1A7FB51A8FD8070034E1C1 /* Main.storyboard */ = {
			isa = PBXVariantGroup;
			children = (
				3F1A7FB61A8FD8070034E1C1 /* Base */,
			);
			name = Main.storyboard;
			sourceTree = "<group>";
		};
		3F1A7FBA1A8FD8070034E1C1 /* LaunchScreen.xib */ = {
			isa = PBXVariantGroup;
			children = (
				3F1A7FBB1A8FD8070034E1C1 /* Base */,
			);
			name = LaunchScreen.xib;
			sourceTree = "<group>";
		};
/* End PBXVariantGroup section */

/* Begin XCBuildConfiguration section */
		3F1A7FC91A8FD8070034E1C1 /* Debug */ = {
			isa = XCBuildConfiguration;
			buildSettings = {
				ALWAYS_SEARCH_USER_PATHS = NO;
				CLANG_CXX_LANGUAGE_STANDARD = "gnu++0x";
				CLANG_CXX_LIBRARY = "libc++";
				CLANG_ENABLE_MODULES = YES;
				CLANG_ENABLE_OBJC_ARC = YES;
				CLANG_WARN_BOOL_CONVERSION = YES;
				CLANG_WARN_CONSTANT_CONVERSION = YES;
				CLANG_WARN_DIRECT_OBJC_ISA_USAGE = YES_ERROR;
				CLANG_WARN_EMPTY_BODY = YES;
				CLANG_WARN_ENUM_CONVERSION = YES;
				CLANG_WARN_INT_CONVERSION = YES;
				CLANG_WARN_OBJC_ROOT_CLASS = YES_ERROR;
				CLANG_WARN_UNREACHABLE_CODE = YES;
				CLANG_WARN__DUPLICATE_METHOD_MATCH = YES;
				"CODE_SIGN_IDENTITY[sdk=iphoneos*]" = "iPhone Developer";
				COPY_PHASE_STRIP = NO;
				ENABLE_STRICT_OBJC_MSGSEND = YES;
				GCC_C_LANGUAGE_STANDARD = gnu99;
				GCC_DYNAMIC_NO_PIC = NO;
				GCC_OPTIMIZATION_LEVEL = 0;
				GCC_PREPROCESSOR_DEFINITIONS = (
					"DEBUG=1",
					"$(inherited)",
				);
				GCC_SYMBOLS_PRIVATE_EXTERN = NO;
				GCC_WARN_64_TO_32_BIT_CONVERSION = YES;
				GCC_WARN_ABOUT_RETURN_TYPE = YES_ERROR;
				GCC_WARN_UNDECLARED_SELECTOR = YES;
				GCC_WARN_UNINITIALIZED_AUTOS = YES_AGGRESSIVE;
				GCC_WARN_UNUSED_FUNCTION = YES;
				GCC_WARN_UNUSED_VARIABLE = YES;
				IPHONEOS_DEPLOYMENT_TARGET = 8.1;
				MTL_ENABLE_DEBUG_INFO = YES;
				ONLY_ACTIVE_ARCH = YES;
				SDKROOT = iphoneos;
				SWIFT_OPTIMIZATION_LEVEL = "-Onone";
				TARGETED_DEVICE_FAMILY = "1,2";
			};
			name = Debug;
		};
		3F1A7FCA1A8FD8070034E1C1 /* Release */ = {
			isa = XCBuildConfiguration;
			buildSettings = {
				ALWAYS_SEARCH_USER_PATHS = NO;
				CLANG_CXX_LANGUAGE_STANDARD = "gnu++0x";
				CLANG_CXX_LIBRARY = "libc++";
				CLANG_ENABLE_MODULES = YES;
				CLANG_ENABLE_OBJC_ARC = YES;
				CLANG_WARN_BOOL_CONVERSION = YES;
				CLANG_WARN_CONSTANT_CONVERSION = YES;
				CLANG_WARN_DIRECT_OBJC_ISA_USAGE = YES_ERROR;
				CLANG_WARN_EMPTY_BODY = YES;
				CLANG_WARN_ENUM_CONVERSION = YES;
				CLANG_WARN_INT_CONVERSION = YES;
				CLANG_WARN_OBJC_ROOT_CLASS = YES_ERROR;
				CLANG_WARN_UNREACHABLE_CODE = YES;
				CLANG_WARN__DUPLICATE_METHOD_MATCH = YES;
				"CODE_SIGN_IDENTITY[sdk=iphoneos*]" = "iPhone Developer";
				COPY_PHASE_STRIP = YES;
				ENABLE_NS_ASSERTIONS = NO;
				ENABLE_STRICT_OBJC_MSGSEND = YES;
				GCC_C_LANGUAGE_STANDARD = gnu99;
				GCC_WARN_64_TO_32_BIT_CONVERSION = YES;
				GCC_WARN_ABOUT_RETURN_TYPE = YES_ERROR;
				GCC_WARN_UNDECLARED_SELECTOR = YES;
				GCC_WARN_UNINITIALIZED_AUTOS = YES_AGGRESSIVE;
				GCC_WARN_UNUSED_FUNCTION = YES;
				GCC_WARN_UNUSED_VARIABLE = YES;
				IPHONEOS_DEPLOYMENT_TARGET = 8.1;
				MTL_ENABLE_DEBUG_INFO = NO;
				SDKROOT = iphoneos;
				TARGETED_DEVICE_FAMILY = "1,2";
				VALIDATE_PRODUCT = YES;
			};
			name = Release;
		};
		3F1A7FCC1A8FD8070034E1C1 /* Debug */ = {
			isa = XCBuildConfiguration;
			buildSettings = {
				ASSETCATALOG_COMPILER_APPICON_NAME = AppIcon;
				INFOPLIST_FILE = BlackJack/Info.plist;
				LD_RUNPATH_SEARCH_PATHS = "$(inherited) @executable_path/Frameworks";
				PRODUCT_NAME = "$(TARGET_NAME)";
			};
			name = Debug;
		};
		3F1A7FCD1A8FD8070034E1C1 /* Release */ = {
			isa = XCBuildConfiguration;
			buildSettings = {
				ASSETCATALOG_COMPILER_APPICON_NAME = AppIcon;
				INFOPLIST_FILE = BlackJack/Info.plist;
				LD_RUNPATH_SEARCH_PATHS = "$(inherited) @executable_path/Frameworks";
				PRODUCT_NAME = "$(TARGET_NAME)";
			};
			name = Release;
		};
		3F1A7FCF1A8FD8070034E1C1 /* Debug */ = {
			isa = XCBuildConfiguration;
			buildSettings = {
				BUNDLE_LOADER = "$(TEST_HOST)";
				FRAMEWORK_SEARCH_PATHS = (
					"$(SDKROOT)/Developer/Library/Frameworks",
					"$(inherited)",
				);
				GCC_PREPROCESSOR_DEFINITIONS = (
					"DEBUG=1",
					"$(inherited)",
				);
				INFOPLIST_FILE = BlackJackTests/Info.plist;
				LD_RUNPATH_SEARCH_PATHS = "$(inherited) @executable_path/Frameworks @loader_path/Frameworks";
				PRODUCT_NAME = "$(TARGET_NAME)";
				TEST_HOST = "$(BUILT_PRODUCTS_DIR)/BlackJack.app/BlackJack";
			};
			name = Debug;
		};
		3F1A7FD01A8FD8070034E1C1 /* Release */ = {
			isa = XCBuildConfiguration;
			buildSettings = {
				BUNDLE_LOADER = "$(TEST_HOST)";
				FRAMEWORK_SEARCH_PATHS = (
					"$(SDKROOT)/Developer/Library/Frameworks",
					"$(inherited)",
				);
				INFOPLIST_FILE = BlackJackTests/Info.plist;
				LD_RUNPATH_SEARCH_PATHS = "$(inherited) @executable_path/Frameworks @loader_path/Frameworks";
				PRODUCT_NAME = "$(TARGET_NAME)";
				TEST_HOST = "$(BUILT_PRODUCTS_DIR)/BlackJack.app/BlackJack";
			};
			name = Release;
		};
/* End XCBuildConfiguration section */

/* Begin XCConfigurationList section */
		3F1A7FA71A8FD8070034E1C1 /* Build configuration list for PBXProject "BlackJack" */ = {
			isa = XCConfigurationList;
			buildConfigurations = (
				3F1A7FC91A8FD8070034E1C1 /* Debug */,
				3F1A7FCA1A8FD8070034E1C1 /* Release */,
			);
			defaultConfigurationIsVisible = 0;
			defaultConfigurationName = Release;
		};
		3F1A7FCB1A8FD8070034E1C1 /* Build configuration list for PBXNativeTarget "BlackJack" */ = {
			isa = XCConfigurationList;
			buildConfigurations = (
				3F1A7FCC1A8FD8070034E1C1 /* Debug */,
				3F1A7FCD1A8FD8070034E1C1 /* Release */,
			);
			defaultConfigurationIsVisible = 0;
			defaultConfigurationName = Release;
		};
		3F1A7FCE1A8FD8070034E1C1 /* Build configuration list for PBXNativeTarget "BlackJackTests" */ = {
			isa = XCConfigurationList;
			buildConfigurations = (
				3F1A7FCF1A8FD8070034E1C1 /* Debug */,
				3F1A7FD01A8FD8070034E1C1 /* Release */,
			);
			defaultConfigurationIsVisible = 0;
			defaultConfigurationName = Release;
		};
/* End XCConfigurationList section */
	};
	rootObject = 3F1A7FA41A8FD8070034E1C1 /* Project object */;
}
